
Microsoft Visual Studio Solution File, Format Version 12.00
# Visual Studio Version 17
VisualStudioVersion = 17.4.33213.308
MinimumVisualStudioVersion = 10.0.40219.1
Project("{FAE04EC0-301F-11D3-BF4B-00C04F79EFBC}") = "MVCHOT2", "MVCHOT2.csproj", "{425D8D2F-CE5D-4F43-A613-877362BF68D0}"
EndProject
Global
	GlobalSection(SolutionConfigurationPlatforms) = preSolution
		Debug|Any CPU = Debug|Any CPU
		Release|Any CPU = Release|Any CPU
	EndGlobalSection
	GlobalSection(ProjectConfigurationPlatforms) = postSolution
		{425D8D2F-CE5D-4F43-A613-877362BF68D0}.Debug|Any CPU.ActiveCfg = Debug|Any CPU
		{425D8D2F-CE5D-4F43-A613-877362BF68D0}.Debug|Any CPU.Build.0 = Debug|Any CPU
		{425D8D2F-CE5D-4F43-A613-877362BF68D0}.Release|Any CPU.ActiveCfg = Release|Any CPU
		{425D8D2F-CE5D-4F43-A613-877362BF68D0}.Release|Any CPU.Build.0 = Release|Any CPU
	EndGlobalSection
	GlobalSection(SolutionProperties) = preSolution
		HideSolutionNode = FALSE
	EndGlobalSection
	GlobalSection(ExtensibilityGlobals) = postSolution
		SolutionGuid = {AB785FD7-09CC-419F-83BA-A9018BB709C0}
	EndGlobalSection
EndGlobal
